
Microsoft Visual Studio Solution File, Format Version 12.00
# Visual Studio 15
VisualStudioVersion = 15.0.27428.2037
MinimumVisualStudioVersion = 10.0.40219.1
Project("{FAE04EC0-301F-11D3-BF4B-00C04F79EFBC}") = "GrapKurs", "GrapKurs\GrapKurs.csproj", "{4CF0BEC6-DC2D-4A89-804D-669DCEE88D57}"
EndProject
Global
	GlobalSection(SolutionConfigurationPlatforms) = preSolution
		Debug|Any CPU = Debug|Any CPU
		Release|Any CPU = Release|Any CPU
	EndGlobalSection
	GlobalSection(ProjectConfigurationPlatforms) = postSolution
		{4CF0BEC6-DC2D-4A89-804D-669DCEE88D57}.Debug|Any CPU.ActiveCfg = Debug|Any CPU
		{4CF0BEC6-DC2D-4A89-804D-669DCEE88D57}.Debug|Any CPU.Build.0 = Debug|Any CPU
		{4CF0BEC6-DC2D-4A89-804D-669DCEE88D57}.Release|Any CPU.ActiveCfg = Release|Any CPU
		{4CF0BEC6-DC2D-4A89-804D-669DCEE88D57}.Release|Any CPU.Build.0 = Release|Any CPU
	EndGlobalSection
	GlobalSection(SolutionProperties) = preSolution
		HideSolutionNode = FALSE
	EndGlobalSection
	GlobalSection(ExtensibilityGlobals) = postSolution
		SolutionGuid = {5A046F22-B2B3-45CA-B4DD-8DE7D6D47DB9}
	EndGlobalSection
EndGlobal
